
Microsoft Visual Studio Solution File, Format Version 12.00
# Visual Studio 15
VisualStudioVersion = 15.0.28307.645
MinimumVisualStudioVersion = 10.0.40219.1
Project("{FAE04EC0-301F-11D3-BF4B-00C04F79EFBC}") = "CapaDePresenta", "CapaPresentacion\CapaDePresenta.csproj", "{506E2E72-2FAD-4955-BC9D-D72534B83A1E}"
EndProject
Project("{FAE04EC0-301F-11D3-BF4B-00C04F79EFBC}") = "CapaEnlaceD", "CapaEnlaceD\CapaEnlaceD.csproj", "{8173E8BA-0BA9-4BAA-B2AE-2D0819282910}"
EndProject
Project("{FAE04EC0-301F-11D3-BF4B-00C04F79EFBC}") = "CapaLogicaNegocios", "CapaLogicaNegocios\CapaLogicaNegocios.csproj", "{20989230-C8CD-433B-A92A-A982784D1A3A}"
EndProject
Project("{FAE04EC0-301F-11D3-BF4B-00C04F79EFBC}") = "CurtureResources", "ClassLibrary2\CurtureResources.csproj", "{CE4952F5-D3BC-43F0-AB3B-3BBBBFECFCCA}"
EndProject
Global
	GlobalSection(SolutionConfigurationPlatforms) = preSolution
		Debug|Any CPU = Debug|Any CPU
		Release|Any CPU = Release|Any CPU
	EndGlobalSection
	GlobalSection(ProjectConfigurationPlatforms) = postSolution
		{506E2E72-2FAD-4955-BC9D-D72534B83A1E}.Debug|Any CPU.ActiveCfg = Debug|Any CPU
		{506E2E72-2FAD-4955-BC9D-D72534B83A1E}.Debug|Any CPU.Build.0 = Debug|Any CPU
		{506E2E72-2FAD-4955-BC9D-D72534B83A1E}.Release|Any CPU.ActiveCfg = Release|Any CPU
		{506E2E72-2FAD-4955-BC9D-D72534B83A1E}.Release|Any CPU.Build.0 = Release|Any CPU
		{8173E8BA-0BA9-4BAA-B2AE-2D0819282910}.Debug|Any CPU.ActiveCfg = Debug|Any CPU
		{8173E8BA-0BA9-4BAA-B2AE-2D0819282910}.Debug|Any CPU.Build.0 = Debug|Any CPU
		{8173E8BA-0BA9-4BAA-B2AE-2D0819282910}.Release|Any CPU.ActiveCfg = Release|Any CPU
		{8173E8BA-0BA9-4BAA-B2AE-2D0819282910}.Release|Any CPU.Build.0 = Release|Any CPU
		{20989230-C8CD-433B-A92A-A982784D1A3A}.Debug|Any CPU.ActiveCfg = Debug|Any CPU
		{20989230-C8CD-433B-A92A-A982784D1A3A}.Debug|Any CPU.Build.0 = Debug|Any CPU
		{20989230-C8CD-433B-A92A-A982784D1A3A}.Release|Any CPU.ActiveCfg = Release|Any CPU
		{20989230-C8CD-433B-A92A-A982784D1A3A}.Release|Any CPU.Build.0 = Release|Any CPU
		{CE4952F5-D3BC-43F0-AB3B-3BBBBFECFCCA}.Debug|Any CPU.ActiveCfg = Debug|Any CPU
		{CE4952F5-D3BC-43F0-AB3B-3BBBBFECFCCA}.Debug|Any CPU.Build.0 = Debug|Any CPU
		{CE4952F5-D3BC-43F0-AB3B-3BBBBFECFCCA}.Release|Any CPU.ActiveCfg = Release|Any CPU
		{CE4952F5-D3BC-43F0-AB3B-3BBBBFECFCCA}.Release|Any CPU.Build.0 = Release|Any CPU
	EndGlobalSection
	GlobalSection(SolutionProperties) = preSolution
		HideSolutionNode = FALSE
	EndGlobalSection
	GlobalSection(ExtensibilityGlobals) = postSolution
		RESX_NeutralResourcesLanguage = es-VE
		SolutionGuid = {150A3680-B4FC-4863-850E-B31A1D3441F0}
	EndGlobalSection
EndGlobal
